# Reproducible direct dependency lock for the formats/profile tooling.
# RAGFlow is isolated in the Python 3.13 integration environment and is not a
# product dependency of the core wheel.
PyYAML==6.0.3
pypdf==6.16.2
python-docx==1.2.0
pytest==9.1.1
ruff==0.12.7
pip-audit==2.10.1
setuptools==84.0.0
